
Microsoft Visual Studio Solution File, Format Version 12.00
# Visual Studio Version 16
VisualStudioVersion = 16.0.31410.357
MinimumVisualStudioVersion = 10.0.40219.1
Project("{FAE04EC0-301F-11D3-BF4B-00C04F79EFBC}") = "HotelListingProject", "HotelListingProject\HotelListingProject.csproj", "{800028A0-DDDC-4E92-8835-369041534D38}"
EndProject
Global
	GlobalSection(SolutionConfigurationPlatforms) = preSolution
		Debug|Any CPU = Debug|Any CPU
		Release|Any CPU = Release|Any CPU
	EndGlobalSection
	GlobalSection(ProjectConfigurationPlatforms) = postSolution
		{800028A0-DDDC-4E92-8835-369041534D38}.Debug|Any CPU.ActiveCfg = Debug|Any CPU
		{800028A0-DDDC-4E92-8835-369041534D38}.Debug|Any CPU.Build.0 = Debug|Any CPU
		{800028A0-DDDC-4E92-8835-369041534D38}.Release|Any CPU.ActiveCfg = Release|Any CPU
		{800028A0-DDDC-4E92-8835-369041534D38}.Release|Any CPU.Build.0 = Release|Any CPU
	EndGlobalSection
	GlobalSection(SolutionProperties) = preSolution
		HideSolutionNode = FALSE
	EndGlobalSection
	GlobalSection(ExtensibilityGlobals) = postSolution
		SolutionGuid = {235910AB-3A72-4A49-BE72-BDE56694F614}
	EndGlobalSection
EndGlobal
